// !$*UTF8*$!
{
	archiveVersion = 1;
	classes = {
	};
	objectVersion = 56;
	objects = {

/* Begin PBXBuildFile section */
		24057C8A2B6F6FA000503984 /* ContentView.swift in Sources */ = {isa = PBXBuildFile; fileRef = 24057C892B6F6FA000503984 /* ContentView.swift */; };
		24057C8C2B6F6FE400503984 /* MapModel.swift in Sources */ = {isa = PBXBuildFile; fileRef = 24057C8B2B6F6FE400503984 /* MapModel.swift */; };
		24057C8E2B6FE08200503984 /* DetailView.swift in Sources */ = {isa = PBXBuildFile; fileRef = 24057C8D2B6FE08200503984 /* DetailView.swift */; };
		24057C932B725E1A00503984 /* FirebaseAnalytics in Frameworks */ = {isa = PBXBuildFile; productRef = 24057C922B725E1A00503984 /* FirebaseAnalytics */; };
		24057C952B725E1A00503984 /* FirebaseAnalyticsOnDeviceConversion in Frameworks */ = {isa = PBXBuildFile; productRef = 24057C942B725E1A00503984 /* FirebaseAnalyticsOnDeviceConversion */; };
		24057C972B725E1A00503984 /* FirebaseAnalyticsSwift in Frameworks */ = {isa = PBXBuildFile; productRef = 24057C962B725E1A00503984 /* FirebaseAnalyticsSwift */; };
		24057C992B725E1A00503984 /* FirebaseAppCheck in Frameworks */ = {isa = PBXBuildFile; productRef = 24057C982B725E1A00503984 /* FirebaseAppCheck */; };
		24057C9D2B7264CD00503984 /* FirebaseCrashlytics in Frameworks */ = {isa = PBXBuildFile; productRef = 24057C9C2B7264CD00503984 /* FirebaseCrashlytics */; };
		24057C9F2B7264CD00503984 /* FirebaseFirestore in Frameworks */ = {isa = PBXBuildFile; productRef = 24057C9E2B7264CD00503984 /* FirebaseFirestore */; };
		24057CA12B7274CC00503984 /* TestView.swift in Sources */ = {isa = PBXBuildFile; fileRef = 24057CA02B7274CC00503984 /* TestView.swift */; };
		247EB06C2B727C530003CFD3 /* MapDataViewModel.swift in Sources */ = {isa = PBXBuildFile; fileRef = 247EB06B2B727C530003CFD3 /* MapDataViewModel.swift */; };
		247EB06E2B728F4C0003CFD3 /* DetailViewModel.swift in Sources */ = {isa = PBXBuildFile; fileRef = 247EB06D2B728F4C0003CFD3 /* DetailViewModel.swift */; };
		24A71B382B3DCDEB0050A556 /* BenchHubApp.swift in Sources */ = {isa = PBXBuildFile; fileRef = 24A71B372B3DCDEB0050A556 /* BenchHubApp.swift */; };
		24A71B3C2B3DCDEC0050A556 /* Assets.xcassets in Resources */ = {isa = PBXBuildFile; fileRef = 24A71B3B2B3DCDEC0050A556 /* Assets.xcassets */; };
		24A71B3F2B3DCDEC0050A556 /* Preview Assets.xcassets in Resources */ = {isa = PBXBuildFile; fileRef = 24A71B3E2B3DCDEC0050A556 /* Preview Assets.xcassets */; };
		24A71B492B3DCDEC0050A556 /* BenchHubTests.swift in Sources */ = {isa = PBXBuildFile; fileRef = 24A71B482B3DCDEC0050A556 /* BenchHubTests.swift */; };
		24A71B532B3DCDEC0050A556 /* BenchHubUITests.swift in Sources */ = {isa = PBXBuildFile; fileRef = 24A71B522B3DCDEC0050A556 /* BenchHubUITests.swift */; };
		24A71B552B3DCDEC0050A556 /* BenchHubUITestsLaunchTests.swift in Sources */ = {isa = PBXBuildFile; fileRef = 24A71B542B3DCDEC0050A556 /* BenchHubUITestsLaunchTests.swift */; };
		24CD65C22B77F660006C5001 /* PostModel.swift in Sources */ = {isa = PBXBuildFile; fileRef = 24CD65C12B77F660006C5001 /* PostModel.swift */; };
		24CD65FA2B7BB25E006C5001 /* PostViewModel.swift in Sources */ = {isa = PBXBuildFile; fileRef = 24CD65F92B7BB25E006C5001 /* PostViewModel.swift */; };
		24D759382B73D20100A426DC /* GoogleService-Info.plist in Resources */ = {isa = PBXBuildFile; fileRef = 24D759372B73D20100A426DC /* GoogleService-Info.plist */; };
/* End PBXBuildFile section */

/* Begin PBXContainerItemProxy section */
		24A71B452B3DCDEC0050A556 /* PBXContainerItemProxy */ = {
			isa = PBXContainerItemProxy;
			containerPortal = 24A71B2C2B3DCDEB0050A556 /* Project object */;
			proxyType = 1;
			remoteGlobalIDString = 24A71B332B3DCDEB0050A556;
			remoteInfo = BenchHub;
		};
		24A71B4F2B3DCDEC0050A556 /* PBXContainerItemProxy */ = {
			isa = PBXContainerItemProxy;
			containerPortal = 24A71B2C2B3DCDEB0050A556 /* Project object */;
			proxyType = 1;
			remoteGlobalIDString = 24A71B332B3DCDEB0050A556;
			remoteInfo = BenchHub;
		};
/* End PBXContainerItemProxy section */

/* Begin PBXFileReference section */
		24057C892B6F6FA000503984 /* ContentView.swift */ = {isa = PBXFileReference; lastKnownFileType = sourcecode.swift; path = ContentView.swift; sourceTree = "<group>"; };
		24057C8B2B6F6FE400503984 /* MapModel.swift */ = {isa = PBXFileReference; lastKnownFileType = sourcecode.swift; path = MapModel.swift; sourceTree = "<group>"; };
		24057C8D2B6FE08200503984 /* DetailView.swift */ = {isa = PBXFileReference; lastKnownFileType = sourcecode.swift; path = DetailView.swift; sourceTree = "<group>"; };
		24057CA02B7274CC00503984 /* TestView.swift */ = {isa = PBXFileReference; lastKnownFileType = sourcecode.swift; path = TestView.swift; sourceTree = "<group>"; };
		247EB06B2B727C530003CFD3 /* MapDataViewModel.swift */ = {isa = PBXFileReference; lastKnownFileType = sourcecode.swift; path = MapDataViewModel.swift; sourceTree = "<group>"; };
		247EB06D2B728F4C0003CFD3 /* DetailViewModel.swift */ = {isa = PBXFileReference; lastKnownFileType = sourcecode.swift; path = DetailViewModel.swift; sourceTree = "<group>"; };
		24A71B342B3DCDEB0050A556 /* BenchHub.app */ = {isa = PBXFileReference; explicitFileType = wrapper.application; includeInIndex = 0; path = BenchHub.app; sourceTree = BUILT_PRODUCTS_DIR; };
		24A71B372B3DCDEB0050A556 /* BenchHubApp.swift */ = {isa = PBXFileReference; lastKnownFileType = sourcecode.swift; path = BenchHubApp.swift; sourceTree = "<group>"; };
		24A71B3B2B3DCDEC0050A556 /* Assets.xcassets */ = {isa = PBXFileReference; lastKnownFileType = folder.assetcatalog; path = Assets.xcassets; sourceTree = "<group>"; };
		24A71B3E2B3DCDEC0050A556 /* Preview Assets.xcassets */ = {isa = PBXFileReference; lastKnownFileType = folder.assetcatalog; path = "Preview Assets.xcassets"; sourceTree = "<group>"; };
		24A71B442B3DCDEC0050A556 /* BenchHubTests.xctest */ = {isa = PBXFileReference; explicitFileType = wrapper.cfbundle; includeInIndex = 0; path = BenchHubTests.xctest; sourceTree = BUILT_PRODUCTS_DIR; };
		24A71B482B3DCDEC0050A556 /* BenchHubTests.swift */ = {isa = PBXFileReference; lastKnownFileType = sourcecode.swift; path = BenchHubTests.swift; sourceTree = "<group>"; };
		24A71B4E2B3DCDEC0050A556 /* BenchHubUITests.xctest */ = {isa = PBXFileReference; explicitFileType = wrapper.cfbundle; includeInIndex = 0; path = BenchHubUITests.xctest; sourceTree = BUILT_PRODUCTS_DIR; };
		24A71B522B3DCDEC0050A556 /* BenchHubUITests.swift */ = {isa = PBXFileReference; lastKnownFileType = sourcecode.swift; path = BenchHubUITests.swift; sourceTree = "<group>"; };
		24A71B542B3DCDEC0050A556 /* BenchHubUITestsLaunchTests.swift */ = {isa = PBXFileReference; lastKnownFileType = sourcecode.swift; path = BenchHubUITestsLaunchTests.swift; sourceTree = "<group>"; };
		24CD65C12B77F660006C5001 /* PostModel.swift */ = {isa = PBXFileReference; lastKnownFileType = sourcecode.swift; path = PostModel.swift; sourceTree = "<group>"; };
		24CD65F92B7BB25E006C5001 /* PostViewModel.swift */ = {isa = PBXFileReference; lastKnownFileType = sourcecode.swift; path = PostViewModel.swift; sourceTree = "<group>"; };
		24D759372B73D20100A426DC /* GoogleService-Info.plist */ = {isa = PBXFileReference; fileEncoding = 4; lastKnownFileType = text.plist.xml; name = "GoogleService-Info.plist"; path = "View/GoogleService-Info.plist"; sourceTree = "<group>"; };
/* End PBXFileReference section */

/* Begin PBXFrameworksBuildPhase section */
		24A71B312B3DCDEB0050A556 /* Frameworks */ = {
			isa = PBXFrameworksBuildPhase;
			buildActionMask = 2147483647;
			files = (
				24057C992B725E1A00503984 /* FirebaseAppCheck in Frameworks */,
				24057C972B725E1A00503984 /* FirebaseAnalyticsSwift in Frameworks */,
				24057C9D2B7264CD00503984 /* FirebaseCrashlytics in Frameworks */,
				24057C932B725E1A00503984 /* FirebaseAnalytics in Frameworks */,
				24057C952B725E1A00503984 /* FirebaseAnalyticsOnDeviceConversion in Frameworks */,
				24057C9F2B7264CD00503984 /* FirebaseFirestore in Frameworks */,
			);
			runOnlyForDeploymentPostprocessing = 0;
		};
		24A71B412B3DCDEC0050A556 /* Frameworks */ = {
			isa = PBXFrameworksBuildPhase;
			buildActionMask = 2147483647;
			files = (
			);
			runOnlyForDeploymentPostprocessing = 0;
		};
		24A71B4B2B3DCDEC0050A556 /* Frameworks */ = {
			isa = PBXFrameworksBuildPhase;
			buildActionMask = 2147483647;
			files = (
			);
			runOnlyForDeploymentPostprocessing = 0;
		};
/* End PBXFrameworksBuildPhase section */

/* Begin PBXGroup section */
		247EB0682B727BE80003CFD3 /* Model */ = {
			isa = PBXGroup;
			children = (
				24057C8B2B6F6FE400503984 /* MapModel.swift */,
				24CD65C12B77F660006C5001 /* PostModel.swift */,
			);
			path = Model;
			sourceTree = "<group>";
		};
		247EB0692B727BF30003CFD3 /* ViewModel */ = {
			isa = PBXGroup;
			children = (
				247EB06B2B727C530003CFD3 /* MapDataViewModel.swift */,
				247EB06D2B728F4C0003CFD3 /* DetailViewModel.swift */,
				24CD65F92B7BB25E006C5001 /* PostViewModel.swift */,
			);
			path = ViewModel;
			sourceTree = "<group>";
		};
		247EB06A2B727BFF0003CFD3 /* View */ = {
			isa = PBXGroup;
			children = (
				24057C892B6F6FA000503984 /* ContentView.swift */,
				24057C8D2B6FE08200503984 /* DetailView.swift */,
				24057CA02B7274CC00503984 /* TestView.swift */,
			);
			path = View;
			sourceTree = "<group>";
		};
		24A71B2B2B3DCDEB0050A556 = {
			isa = PBXGroup;
			children = (
				24A71B362B3DCDEB0050A556 /* BenchHub */,
				24A71B472B3DCDEC0050A556 /* BenchHubTests */,
				24A71B512B3DCDEC0050A556 /* BenchHubUITests */,
				24A71B352B3DCDEB0050A556 /* Products */,
			);
			sourceTree = "<group>";
		};
		24A71B352B3DCDEB0050A556 /* Products */ = {
			isa = PBXGroup;
			children = (
				24A71B342B3DCDEB0050A556 /* BenchHub.app */,
				24A71B442B3DCDEC0050A556 /* BenchHubTests.xctest */,
				24A71B4E2B3DCDEC0050A556 /* BenchHubUITests.xctest */,
			);
			name = Products;
			sourceTree = "<group>";
		};
		24A71B362B3DCDEB0050A556 /* BenchHub */ = {
			isa = PBXGroup;
			children = (
				24D759372B73D20100A426DC /* GoogleService-Info.plist */,
				24A71B372B3DCDEB0050A556 /* BenchHubApp.swift */,
				247EB0682B727BE80003CFD3 /* Model */,
				247EB0692B727BF30003CFD3 /* ViewModel */,
				247EB06A2B727BFF0003CFD3 /* View */,
				24A71B3B2B3DCDEC0050A556 /* Assets.xcassets */,
				24A71B3D2B3DCDEC0050A556 /* Preview Content */,
			);
			path = BenchHub;
			sourceTree = "<group>";
		};
		24A71B3D2B3DCDEC0050A556 /* Preview Content */ = {
			isa = PBXGroup;
			children = (
				24A71B3E2B3DCDEC0050A556 /* Preview Assets.xcassets */,
			);
			path = "Preview Content";
			sourceTree = "<group>";
		};
		24A71B472B3DCDEC0050A556 /* BenchHubTests */ = {
			isa = PBXGroup;
			children = (
				24A71B482B3DCDEC0050A556 /* BenchHubTests.swift */,
			);
			path = BenchHubTests;
			sourceTree = "<group>";
		};
		24A71B512B3DCDEC0050A556 /* BenchHubUITests */ = {
			isa = PBXGroup;
			children = (
				24A71B522B3DCDEC0050A556 /* BenchHubUITests.swift */,
				24A71B542B3DCDEC0050A556 /* BenchHubUITestsLaunchTests.swift */,
			);
			path = BenchHubUITests;
			sourceTree = "<group>";
		};
/* End PBXGroup section */

/* Begin PBXNativeTarget section */
		24A71B332B3DCDEB0050A556 /* BenchHub */ = {
			isa = PBXNativeTarget;
			buildConfigurationList = 24A71B582B3DCDEC0050A556 /* Build configuration list for PBXNativeTarget "BenchHub" */;
			buildPhases = (
				24A71B302B3DCDEB0050A556 /* Sources */,
				24A71B312B3DCDEB0050A556 /* Frameworks */,
				24A71B322B3DCDEB0050A556 /* Resources */,
			);
			buildRules = (
			);
			dependencies = (
			);
			name = BenchHub;
			packageProductDependencies = (
				24057C922B725E1A00503984 /* FirebaseAnalytics */,
				24057C942B725E1A00503984 /* FirebaseAnalyticsOnDeviceConversion */,
				24057C962B725E1A00503984 /* FirebaseAnalyticsSwift */,
				24057C982B725E1A00503984 /* FirebaseAppCheck */,
				24057C9C2B7264CD00503984 /* FirebaseCrashlytics */,
				24057C9E2B7264CD00503984 /* FirebaseFirestore */,
			);
			productName = BenchHub;
			productReference = 24A71B342B3DCDEB0050A556 /* BenchHub.app */;
			productType = "com.apple.product-type.application";
		};
		24A71B432B3DCDEC0050A556 /* BenchHubTests */ = {
			isa = PBXNativeTarget;
			buildConfigurationList = 24A71B5B2B3DCDEC0050A556 /* Build configuration list for PBXNativeTarget "BenchHubTests" */;
			buildPhases = (
				24A71B402B3DCDEC0050A556 /* Sources */,
				24A71B412B3DCDEC0050A556 /* Frameworks */,
				24A71B422B3DCDEC0050A556 /* Resources */,
			);
			buildRules = (
			);
			dependencies = (
				24A71B462B3DCDEC0050A556 /* PBXTargetDependency */,
			);
			name = BenchHubTests;
			productName = BenchHubTests;
			productReference = 24A71B442B3DCDEC0050A556 /* BenchHubTests.xctest */;
			productType = "com.apple.product-type.bundle.unit-test";
		};
		24A71B4D2B3DCDEC0050A556 /* BenchHubUITests */ = {
			isa = PBXNativeTarget;
			buildConfigurationList = 24A71B5E2B3DCDEC0050A556 /* Build configuration list for PBXNativeTarget "BenchHubUITests" */;
			buildPhases = (
				24A71B4A2B3DCDEC0050A556 /* Sources */,
				24A71B4B2B3DCDEC0050A556 /* Frameworks */,
				24A71B4C2B3DCDEC0050A556 /* Resources */,
			);
			buildRules = (
			);
			dependencies = (
				24A71B502B3DCDEC0050A556 /* PBXTargetDependency */,
			);
			name = BenchHubUITests;
			productName = BenchHubUITests;
			productReference = 24A71B4E2B3DCDEC0050A556 /* BenchHubUITests.xctest */;
			productType = "com.apple.product-type.bundle.ui-testing";
		};
/* End PBXNativeTarget section */

/* Begin PBXProject section */
		24A71B2C2B3DCDEB0050A556 /* Project object */ = {
			isa = PBXProject;
			attributes = {
				BuildIndependentTargetsInParallel = 1;
				LastSwiftUpdateCheck = 1510;
				LastUpgradeCheck = 1510;
				TargetAttributes = {
					24A71B332B3DCDEB0050A556 = {
						CreatedOnToolsVersion = 15.1;
					};
					24A71B432B3DCDEC0050A556 = {
						CreatedOnToolsVersion = 15.1;
						TestTargetID = 24A71B332B3DCDEB0050A556;
					};
					24A71B4D2B3DCDEC0050A556 = {
						CreatedOnToolsVersion = 15.1;
						TestTargetID = 24A71B332B3DCDEB0050A556;
					};
				};
			};
			buildConfigurationList = 24A71B2F2B3DCDEB0050A556 /* Build configuration list for PBXProject "BenchHub" */;
			compatibilityVersion = "Xcode 14.0";
			developmentRegion = en;
			hasScannedForEncodings = 0;
			knownRegions = (
				en,
				Base,
			);
			mainGroup = 24A71B2B2B3DCDEB0050A556;
			packageReferences = (
				24057C912B725E1A00503984 /* XCRemoteSwiftPackageReference "firebase-ios-sdk" */,
			);
			productRefGroup = 24A71B352B3DCDEB0050A556 /* Products */;
			projectDirPath = "";
			projectRoot = "";
			targets = (
				24A71B332B3DCDEB0050A556 /* BenchHub */,
				24A71B432B3DCDEC0050A556 /* BenchHubTests */,
				24A71B4D2B3DCDEC0050A556 /* BenchHubUITests */,
			);
		};
/* End PBXProject section */

/* Begin PBXResourcesBuildPhase section */
		24A71B322B3DCDEB0050A556 /* Resources */ = {
			isa = PBXResourcesBuildPhase;
			buildActionMask = 2147483647;
			files = (
				24A71B3F2B3DCDEC0050A556 /* Preview Assets.xcassets in Resources */,
				24A71B3C2B3DCDEC0050A556 /* Assets.xcassets in Resources */,
				24D759382B73D20100A426DC /* GoogleService-Info.plist in Resources */,
			);
			runOnlyForDeploymentPostprocessing = 0;
		};
		24A71B422B3DCDEC0050A556 /* Resources */ = {
			isa = PBXResourcesBuildPhase;
			buildActionMask = 2147483647;
			files = (
			);
			runOnlyForDeploymentPostprocessing = 0;
		};
		24A71B4C2B3DCDEC0050A556 /* Resources */ = {
			isa = PBXResourcesBuildPhase;
			buildActionMask = 2147483647;
			files = (
			);
			runOnlyForDeploymentPostprocessing = 0;
		};
/* End PBXResourcesBuildPhase section */

/* Begin PBXSourcesBuildPhase section */
		24A71B302B3DCDEB0050A556 /* Sources */ = {
			isa = PBXSourcesBuildPhase;
			buildActionMask = 2147483647;
			files = (
				24057C8A2B6F6FA000503984 /* ContentView.swift in Sources */,
				24CD65C22B77F660006C5001 /* PostModel.swift in Sources */,
				24057CA12B7274CC00503984 /* TestView.swift in Sources */,
				247EB06E2B728F4C0003CFD3 /* DetailViewModel.swift in Sources */,
				24057C8E2B6FE08200503984 /* DetailView.swift in Sources */,
				247EB06C2B727C530003CFD3 /* MapDataViewModel.swift in Sources */,
				24CD65FA2B7BB25E006C5001 /* PostViewModel.swift in Sources */,
				24057C8C2B6F6FE400503984 /* MapModel.swift in Sources */,
				24A71B382B3DCDEB0050A556 /* BenchHubApp.swift in Sources */,
			);
			runOnlyForDeploymentPostprocessing = 0;
		};
		24A71B402B3DCDEC0050A556 /* Sources */ = {
			isa = PBXSourcesBuildPhase;
			buildActionMask = 2147483647;
			files = (
				24A71B492B3DCDEC0050A556 /* BenchHubTests.swift in Sources */,
			);
			runOnlyForDeploymentPostprocessing = 0;
		};
		24A71B4A2B3DCDEC0050A556 /* Sources */ = {
			isa = PBXSourcesBuildPhase;
			buildActionMask = 2147483647;
			files = (
				24A71B552B3DCDEC0050A556 /* BenchHubUITestsLaunchTests.swift in Sources */,
				24A71B532B3DCDEC0050A556 /* BenchHubUITests.swift in Sources */,
			);
			runOnlyForDeploymentPostprocessing = 0;
		};
/* End PBXSourcesBuildPhase section */

/* Begin PBXTargetDependency section */
		24A71B462B3DCDEC0050A556 /* PBXTargetDependency */ = {
			isa = PBXTargetDependency;
			target = 24A71B332B3DCDEB0050A556 /* BenchHub */;
			targetProxy = 24A71B452B3DCDEC0050A556 /* PBXContainerItemProxy */;
		};
		24A71B502B3DCDEC0050A556 /* PBXTargetDependency */ = {
			isa = PBXTargetDependency;
			target = 24A71B332B3DCDEB0050A556 /* BenchHub */;
			targetProxy = 24A71B4F2B3DCDEC0050A556 /* PBXContainerItemProxy */;
		};
/* End PBXTargetDependency section */

/* Begin XCBuildConfiguration section */
		24A71B562B3DCDEC0050A556 /* Debug */ = {
			isa = XCBuildConfiguration;
			buildSettings = {
				ALWAYS_SEARCH_USER_PATHS = NO;
				ASSETCATALOG_COMPILER_GENERATE_SWIFT_ASSET_SYMBOL_EXTENSIONS = YES;
				CLANG_ANALYZER_NONNULL = YES;
				CLANG_ANALYZER_NUMBER_OBJECT_CONVERSION = YES_AGGRESSIVE;
				CLANG_CXX_LANGUAGE_STANDARD = "gnu++20";
				CLANG_ENABLE_MODULES = YES;
				CLANG_ENABLE_OBJC_ARC = YES;
				CLANG_ENABLE_OBJC_WEAK = YES;
				CLANG_WARN_BLOCK_CAPTURE_AUTORELEASING = YES;
				CLANG_WARN_BOOL_CONVERSION = YES;
				CLANG_WARN_COMMA = YES;
				CLANG_WARN_CONSTANT_CONVERSION = YES;
				CLANG_WARN_DEPRECATED_OBJC_IMPLEMENTATIONS = YES;
				CLANG_WARN_DIRECT_OBJC_ISA_USAGE = YES_ERROR;
				CLANG_WARN_DOCUMENTATION_COMMENTS = YES;
				CLANG_WARN_EMPTY_BODY = YES;
				CLANG_WARN_ENUM_CONVERSION = YES;
				CLANG_WARN_INFINITE_RECURSION = YES;
				CLANG_WARN_INT_CONVERSION = YES;
				CLANG_WARN_NON_LITERAL_NULL_CONVERSION = YES;
				CLANG_WARN_OBJC_IMPLICIT_RETAIN_SELF = YES;
				CLANG_WARN_OBJC_LITERAL_CONVERSION = YES;
				CLANG_WARN_OBJC_ROOT_CLASS = YES_ERROR;
				CLANG_WARN_QUOTED_INCLUDE_IN_FRAMEWORK_HEADER = YES;
				CLANG_WARN_RANGE_LOOP_ANALYSIS = YES;
				CLANG_WARN_STRICT_PROTOTYPES = YES;
				CLANG_WARN_SUSPICIOUS_MOVE = YES;
				CLANG_WARN_UNGUARDED_AVAILABILITY = YES_AGGRESSIVE;
				CLANG_WARN_UNREACHABLE_CODE = YES;
				CLANG_WARN__DUPLICATE_METHOD_MATCH = YES;
				COPY_PHASE_STRIP = NO;
				DEBUG_INFORMATION_FORMAT = dwarf;
				ENABLE_STRICT_OBJC_MSGSEND = YES;
				ENABLE_TESTABILITY = YES;
				ENABLE_USER_SCRIPT_SANDBOXING = YES;
				GCC_C_LANGUAGE_STANDARD = gnu17;
				GCC_DYNAMIC_NO_PIC = NO;
				GCC_NO_COMMON_BLOCKS = YES;
				GCC_OPTIMIZATION_LEVEL = 0;
				GCC_PREPROCESSOR_DEFINITIONS = (
					"DEBUG=1",
					"$(inherited)",
				);
				GCC_WARN_64_TO_32_BIT_CONVERSION = YES;
				GCC_WARN_ABOUT_RETURN_TYPE = YES_ERROR;
				GCC_WARN_UNDECLARED_SELECTOR = YES;
				GCC_WARN_UNINITIALIZED_AUTOS = YES_AGGRESSIVE;
				GCC_WARN_UNUSED_FUNCTION = YES;
				GCC_WARN_UNUSED_VARIABLE = YES;
				IPHONEOS_DEPLOYMENT_TARGET = 17.2;
				LOCALIZATION_PREFERS_STRING_CATALOGS = YES;
				MTL_ENABLE_DEBUG_INFO = INCLUDE_SOURCE;
				MTL_FAST_MATH = YES;
				ONLY_ACTIVE_ARCH = YES;
				SDKROOT = iphoneos;
				SWIFT_ACTIVE_COMPILATION_CONDITIONS = "DEBUG $(inherited)";
				SWIFT_OPTIMIZATION_LEVEL = "-Onone";
			};
			name = Debug;
		};
		24A71B572B3DCDEC0050A556 /* Release */ = {
			isa = XCBuildConfiguration;
			buildSettings = {
				ALWAYS_SEARCH_USER_PATHS = NO;
				ASSETCATALOG_COMPILER_GENERATE_SWIFT_ASSET_SYMBOL_EXTENSIONS = YES;
				CLANG_ANALYZER_NONNULL = YES;
				CLANG_ANALYZER_NUMBER_OBJECT_CONVERSION = YES_AGGRESSIVE;
				CLANG_CXX_LANGUAGE_STANDARD = "gnu++20";
				CLANG_ENABLE_MODULES = YES;
				CLANG_ENABLE_OBJC_ARC = YES;
				CLANG_ENABLE_OBJC_WEAK = YES;
				CLANG_WARN_BLOCK_CAPTURE_AUTORELEASING = YES;
				CLANG_WARN_BOOL_CONVERSION = YES;
				CLANG_WARN_COMMA = YES;
				CLANG_WARN_CONSTANT_CONVERSION = YES;
				CLANG_WARN_DEPRECATED_OBJC_IMPLEMENTATIONS = YES;
				CLANG_WARN_DIRECT_OBJC_ISA_USAGE = YES_ERROR;
				CLANG_WARN_DOCUMENTATION_COMMENTS = YES;
				CLANG_WARN_EMPTY_BODY = YES;
				CLANG_WARN_ENUM_CONVERSION = YES;
				CLANG_WARN_INFINITE_RECURSION = YES;
				CLANG_WARN_INT_CONVERSION = YES;
				CLANG_WARN_NON_LITERAL_NULL_CONVERSION = YES;
				CLANG_WARN_OBJC_IMPLICIT_RETAIN_SELF = YES;
				CLANG_WARN_OBJC_LITERAL_CONVERSION = YES;
				CLANG_WARN_OBJC_ROOT_CLASS = YES_ERROR;
				CLANG_WARN_QUOTED_INCLUDE_IN_FRAMEWORK_HEADER = YES;
				CLANG_WARN_RANGE_LOOP_ANALYSIS = YES;
				CLANG_WARN_STRICT_PROTOTYPES = YES;
				CLANG_WARN_SUSPICIOUS_MOVE = YES;
				CLANG_WARN_UNGUARDED_AVAILABILITY = YES_AGGRESSIVE;
				CLANG_WARN_UNREACHABLE_CODE = YES;
				CLANG_WARN__DUPLICATE_METHOD_MATCH = YES;
				COPY_PHASE_STRIP = NO;
				DEBUG_INFORMATION_FORMAT = "dwarf-with-dsym";
				ENABLE_NS_ASSERTIONS = NO;
				ENABLE_STRICT_OBJC_MSGSEND = YES;
				ENABLE_USER_SCRIPT_SANDBOXING = YES;
				GCC_C_LANGUAGE_STANDARD = gnu17;
				GCC_NO_COMMON_BLOCKS = YES;
				GCC_WARN_64_TO_32_BIT_CONVERSION = YES;
				GCC_WARN_ABOUT_RETURN_TYPE = YES_ERROR;
				GCC_WARN_UNDECLARED_SELECTOR = YES;
				GCC_WARN_UNINITIALIZED_AUTOS = YES_AGGRESSIVE;
				GCC_WARN_UNUSED_FUNCTION = YES;
				GCC_WARN_UNUSED_VARIABLE = YES;
				IPHONEOS_DEPLOYMENT_TARGET = 17.2;
				LOCALIZATION_PREFERS_STRING_CATALOGS = YES;
				MTL_ENABLE_DEBUG_INFO = NO;
				MTL_FAST_MATH = YES;
				SDKROOT = iphoneos;
				SWIFT_COMPILATION_MODE = wholemodule;
				VALIDATE_PRODUCT = YES;
			};
			name = Release;
		};
		24A71B592B3DCDEC0050A556 /* Debug */ = {
			isa = XCBuildConfiguration;
			buildSettings = {
				ASSETCATALOG_COMPILER_APPICON_NAME = AppIcon;
				ASSETCATALOG_COMPILER_GLOBAL_ACCENT_COLOR_NAME = AccentColor;
				CODE_SIGN_STYLE = Automatic;
				CURRENT_PROJECT_VERSION = 1;
				DEVELOPMENT_ASSET_PATHS = "\"BenchHub/Preview Content\"";
				DEVELOPMENT_TEAM = WB32WK7B28;
				ENABLE_PREVIEWS = YES;
				GENERATE_INFOPLIST_FILE = YES;
				INFOPLIST_FILE = BenchHub/Info.plist;
				INFOPLIST_KEY_NSLocationAlwaysAndWhenInUseUsageDescription = "";
				INFOPLIST_KEY_NSLocationWhenInUseUsageDescription = "位置情報は、地図上での位置の表示に使用されます。";
				INFOPLIST_KEY_UIApplicationSceneManifest_Generation = YES;
				INFOPLIST_KEY_UIApplicationSupportsIndirectInputEvents = YES;
				INFOPLIST_KEY_UILaunchScreen_Generation = YES;
				INFOPLIST_KEY_UISupportedInterfaceOrientations_iPad = "UIInterfaceOrientationPortrait UIInterfaceOrientationPortraitUpsideDown UIInterfaceOrientationLandscapeLeft UIInterfaceOrientationLandscapeRight";
				INFOPLIST_KEY_UISupportedInterfaceOrientations_iPhone = "UIInterfaceOrientationPortrait UIInterfaceOrientationLandscapeLeft UIInterfaceOrientationLandscapeRight";
				LD_RUNPATH_SEARCH_PATHS = (
					"$(inherited)",
					"@executable_path/Frameworks",
				);
				MARKETING_VERSION = 1.0;
				PRODUCT_BUNDLE_IDENTIFIER = com.shunsato.BenchHub;
				PRODUCT_NAME = "$(TARGET_NAME)";
				SUPPORTED_PLATFORMS = "iphoneos iphonesimulator";
				SUPPORTS_MACCATALYST = NO;
				SUPPORTS_MAC_DESIGNED_FOR_IPHONE_IPAD = NO;
				SWIFT_EMIT_LOC_STRINGS = YES;
				SWIFT_VERSION = 5.0;
				TARGETED_DEVICE_FAMILY = 1;
			};
			name = Debug;
		};
		24A71B5A2B3DCDEC0050A556 /* Release */ = {
			isa = XCBuildConfiguration;
			buildSettings = {
				ASSETCATALOG_COMPILER_APPICON_NAME = AppIcon;
				ASSETCATALOG_COMPILER_GLOBAL_ACCENT_COLOR_NAME = AccentColor;
				CODE_SIGN_STYLE = Automatic;
				CURRENT_PROJECT_VERSION = 1;
				DEVELOPMENT_ASSET_PATHS = "\"BenchHub/Preview Content\"";
				DEVELOPMENT_TEAM = WB32WK7B28;
				ENABLE_PREVIEWS = YES;
				GENERATE_INFOPLIST_FILE = YES;
				INFOPLIST_FILE = BenchHub/Info.plist;
				INFOPLIST_KEY_NSLocationAlwaysAndWhenInUseUsageDescription = "";
				INFOPLIST_KEY_NSLocationWhenInUseUsageDescription = "位置情報は、地図上での位置の表示に使用されます。";
				INFOPLIST_KEY_UIApplicationSceneManifest_Generation = YES;
				INFOPLIST_KEY_UIApplicationSupportsIndirectInputEvents = YES;
				INFOPLIST_KEY_UILaunchScreen_Generation = YES;
				INFOPLIST_KEY_UISupportedInterfaceOrientations_iPad = "UIInterfaceOrientationPortrait UIInterfaceOrientationPortraitUpsideDown UIInterfaceOrientationLandscapeLeft UIInterfaceOrientationLandscapeRight";
				INFOPLIST_KEY_UISupportedInterfaceOrientations_iPhone = "UIInterfaceOrientationPortrait UIInterfaceOrientationLandscapeLeft UIInterfaceOrientationLandscapeRight";
				LD_RUNPATH_SEARCH_PATHS = (
					"$(inherited)",
					"@executable_path/Frameworks",
				);
				MARKETING_VERSION = 1.0;
				PRODUCT_BUNDLE_IDENTIFIER = com.shunsato.BenchHub;
				PRODUCT_NAME = "$(TARGET_NAME)";
				SUPPORTED_PLATFORMS = "iphoneos iphonesimulator";
				SUPPORTS_MACCATALYST = NO;
				SUPPORTS_MAC_DESIGNED_FOR_IPHONE_IPAD = NO;
				SWIFT_EMIT_LOC_STRINGS = YES;
				SWIFT_VERSION = 5.0;
				TARGETED_DEVICE_FAMILY = 1;
			};
			name = Release;
		};
		24A71B5C2B3DCDEC0050A556 /* Debug */ = {
			isa = XCBuildConfiguration;
			buildSettings = {
				ALWAYS_EMBED_SWIFT_STANDARD_LIBRARIES = YES;
				BUNDLE_LOADER = "$(TEST_HOST)";
				CODE_SIGN_STYLE = Automatic;
				CURRENT_PROJECT_VERSION = 1;
				DEVELOPMENT_TEAM = WB32WK7B28;
				GENERATE_INFOPLIST_FILE = YES;
				IPHONEOS_DEPLOYMENT_TARGET = 17.2;
				MARKETING_VERSION = 1.0;
				PRODUCT_BUNDLE_IDENTIFIER = com.shunsato.BenchHubTests;
				PRODUCT_NAME = "$(TARGET_NAME)";
				SWIFT_EMIT_LOC_STRINGS = NO;
				SWIFT_VERSION = 5.0;
				TARGETED_DEVICE_FAMILY = "1,2";
				TEST_HOST = "$(BUILT_PRODUCTS_DIR)/BenchHub.app/$(BUNDLE_EXECUTABLE_FOLDER_PATH)/BenchHub";
			};
			name = Debug;
		};
		24A71B5D2B3DCDEC0050A556 /* Release */ = {
			isa = XCBuildConfiguration;
			buildSettings = {
				ALWAYS_EMBED_SWIFT_STANDARD_LIBRARIES = YES;
				BUNDLE_LOADER = "$(TEST_HOST)";
				CODE_SIGN_STYLE = Automatic;
				CURRENT_PROJECT_VERSION = 1;
				DEVELOPMENT_TEAM = WB32WK7B28;
				GENERATE_INFOPLIST_FILE = YES;
				IPHONEOS_DEPLOYMENT_TARGET = 17.2;
				MARKETING_VERSION = 1.0;
				PRODUCT_BUNDLE_IDENTIFIER = com.shunsato.BenchHubTests;
				PRODUCT_NAME = "$(TARGET_NAME)";
				SWIFT_EMIT_LOC_STRINGS = NO;
				SWIFT_VERSION = 5.0;
				TARGETED_DEVICE_FAMILY = "1,2";
				TEST_HOST = "$(BUILT_PRODUCTS_DIR)/BenchHub.app/$(BUNDLE_EXECUTABLE_FOLDER_PATH)/BenchHub";
			};
			name = Release;
		};
		24A71B5F2B3DCDEC0050A556 /* Debug */ = {
			isa = XCBuildConfiguration;
			buildSettings = {
				ALWAYS_EMBED_SWIFT_STANDARD_LIBRARIES = YES;
				CODE_SIGN_STYLE = Automatic;
				CURRENT_PROJECT_VERSION = 1;
				DEVELOPMENT_TEAM = WB32WK7B28;
				GENERATE_INFOPLIST_FILE = YES;
				MARKETING_VERSION = 1.0;
				PRODUCT_BUNDLE_IDENTIFIER = com.shunsato.BenchHubUITests;
				PRODUCT_NAME = "$(TARGET_NAME)";
				SWIFT_EMIT_LOC_STRINGS = NO;
				SWIFT_VERSION = 5.0;
				TARGETED_DEVICE_FAMILY = "1,2";
				TEST_TARGET_NAME = BenchHub;
			};
			name = Debug;
		};
		24A71B602B3DCDEC0050A556 /* Release */ = {
			isa = XCBuildConfiguration;
			buildSettings = {
				ALWAYS_EMBED_SWIFT_STANDARD_LIBRARIES = YES;
				CODE_SIGN_STYLE = Automatic;
				CURRENT_PROJECT_VERSION = 1;
				DEVELOPMENT_TEAM = WB32WK7B28;
				GENERATE_INFOPLIST_FILE = YES;
				MARKETING_VERSION = 1.0;
				PRODUCT_BUNDLE_IDENTIFIER = com.shunsato.BenchHubUITests;
				PRODUCT_NAME = "$(TARGET_NAME)";
				SWIFT_EMIT_LOC_STRINGS = NO;
				SWIFT_VERSION = 5.0;
				TARGETED_DEVICE_FAMILY = "1,2";
				TEST_TARGET_NAME = BenchHub;
			};
			name = Release;
		};
/* End XCBuildConfiguration section */

/* Begin XCConfigurationList section */
		24A71B2F2B3DCDEB0050A556 /* Build configuration list for PBXProject "BenchHub" */ = {
			isa = XCConfigurationList;
			buildConfigurations = (
				24A71B562B3DCDEC0050A556 /* Debug */,
				24A71B572B3DCDEC0050A556 /* Release */,
			);
			defaultConfigurationIsVisible = 0;
			defaultConfigurationName = Release;
		};
		24A71B582B3DCDEC0050A556 /* Build configuration list for PBXNativeTarget "BenchHub" */ = {
			isa = XCConfigurationList;
			buildConfigurations = (
				24A71B592B3DCDEC0050A556 /* Debug */,
				24A71B5A2B3DCDEC0050A556 /* Release */,
			);
			defaultConfigurationIsVisible = 0;
			defaultConfigurationName = Release;
		};
		24A71B5B2B3DCDEC0050A556 /* Build configuration list for PBXNativeTarget "BenchHubTests" */ = {
			isa = XCConfigurationList;
			buildConfigurations = (
				24A71B5C2B3DCDEC0050A556 /* Debug */,
				24A71B5D2B3DCDEC0050A556 /* Release */,
			);
			defaultConfigurationIsVisible = 0;
			defaultConfigurationName = Release;
		};
		24A71B5E2B3DCDEC0050A556 /* Build configuration list for PBXNativeTarget "BenchHubUITests" */ = {
			isa = XCConfigurationList;
			buildConfigurations = (
				24A71B5F2B3DCDEC0050A556 /* Debug */,
				24A71B602B3DCDEC0050A556 /* Release */,
			);
			defaultConfigurationIsVisible = 0;
			defaultConfigurationName = Release;
		};
/* End XCConfigurationList section */

/* Begin XCRemoteSwiftPackageReference section */
		24057C912B725E1A00503984 /* XCRemoteSwiftPackageReference "firebase-ios-sdk" */ = {
			isa = XCRemoteSwiftPackageReference;
			repositoryURL = "https://github.com/firebase/firebase-ios-sdk";
			requirement = {
				kind = upToNextMajorVersion;
				minimumVersion = 10.20.0;
			};
		};
/* End XCRemoteSwiftPackageReference section */

/* Begin XCSwiftPackageProductDependency section */
		24057C922B725E1A00503984 /* FirebaseAnalytics */ = {
			isa = XCSwiftPackageProductDependency;
			package = 24057C912B725E1A00503984 /* XCRemoteSwiftPackageReference "firebase-ios-sdk" */;
			productName = FirebaseAnalytics;
		};
		24057C942B725E1A00503984 /* FirebaseAnalyticsOnDeviceConversion */ = {
			isa = XCSwiftPackageProductDependency;
			package = 24057C912B725E1A00503984 /* XCRemoteSwiftPackageReference "firebase-ios-sdk" */;
			productName = FirebaseAnalyticsOnDeviceConversion;
		};
		24057C962B725E1A00503984 /* FirebaseAnalyticsSwift */ = {
			isa = XCSwiftPackageProductDependency;
			package = 24057C912B725E1A00503984 /* XCRemoteSwiftPackageReference "firebase-ios-sdk" */;
			productName = FirebaseAnalyticsSwift;
		};
		24057C982B725E1A00503984 /* FirebaseAppCheck */ = {
			isa = XCSwiftPackageProductDependency;
			package = 24057C912B725E1A00503984 /* XCRemoteSwiftPackageReference "firebase-ios-sdk" */;
			productName = FirebaseAppCheck;
		};
		24057C9C2B7264CD00503984 /* FirebaseCrashlytics */ = {
			isa = XCSwiftPackageProductDependency;
			package = 24057C912B725E1A00503984 /* XCRemoteSwiftPackageReference "firebase-ios-sdk" */;
			productName = FirebaseCrashlytics;
		};
		24057C9E2B7264CD00503984 /* FirebaseFirestore */ = {
			isa = XCSwiftPackageProductDependency;
			package = 24057C912B725E1A00503984 /* XCRemoteSwiftPackageReference "firebase-ios-sdk" */;
			productName = FirebaseFirestore;
		};
/* End XCSwiftPackageProductDependency section */
	};
	rootObject = 24A71B2C2B3DCDEB0050A556 /* Project object */;
}
